
Microsoft Visual Studio Solution File, Format Version 12.00
# Visual Studio 2013
VisualStudioVersion = 12.0.30324.0
MinimumVisualStudioVersion = 10.0.40219.1
Project("{FAE04EC0-301F-11D3-BF4B-00C04F79EFBC}") = "ProjectEuler.Test", "ProjectEuler.Test\ProjectEuler.Test.csproj", "{2A59B46A-2B15-4B47-8ADB-AE0E5DC298AF}"
EndProject
Project("{FAE04EC0-301F-11D3-BF4B-00C04F79EFBC}") = "NantCom.Utility", "NantCom.Linq\NantCom.Utility.csproj", "{BCFF1893-AD72-4A1F-AF31-E5695169F2B5}"
EndProject
Global
	GlobalSection(SolutionConfigurationPlatforms) = preSolution
		Debug|Any CPU = Debug|Any CPU
		Release|Any CPU = Release|Any CPU
	EndGlobalSection
	GlobalSection(ProjectConfigurationPlatforms) = postSolution
		{2A59B46A-2B15-4B47-8ADB-AE0E5DC298AF}.Debug|Any CPU.ActiveCfg = Debug|Any CPU
		{2A59B46A-2B15-4B47-8ADB-AE0E5DC298AF}.Debug|Any CPU.Build.0 = Debug|Any CPU
		{2A59B46A-2B15-4B47-8ADB-AE0E5DC298AF}.Release|Any CPU.ActiveCfg = Release|Any CPU
		{2A59B46A-2B15-4B47-8ADB-AE0E5DC298AF}.Release|Any CPU.Build.0 = Release|Any CPU
		{BCFF1893-AD72-4A1F-AF31-E5695169F2B5}.Debug|Any CPU.ActiveCfg = Debug|Any CPU
		{BCFF1893-AD72-4A1F-AF31-E5695169F2B5}.Debug|Any CPU.Build.0 = Debug|Any CPU
		{BCFF1893-AD72-4A1F-AF31-E5695169F2B5}.Release|Any CPU.ActiveCfg = Release|Any CPU
		{BCFF1893-AD72-4A1F-AF31-E5695169F2B5}.Release|Any CPU.Build.0 = Release|Any CPU
	EndGlobalSection
	GlobalSection(SolutionProperties) = preSolution
		HideSolutionNode = FALSE
	EndGlobalSection
EndGlobal
